# This file was autogenerated by Stack.
# You should not edit this file by hand.
# For more information, please see the documentation at:
#   https://docs.haskellstack.org/en/stable/lock_files

packages:
- completed:
    hackage: html-parse-0.2.1.0@sha256:d2f56693c5f45a5df902583e42ac0180f692e30b0e8c3c58c853a96b318ae8d0,4317
    pantry-tree:
      sha256: a8c32c697f33b9b4ae16f2efcee9c029d5f12a84f378da1f529d5b48881b5754
      size: 757
  original:
    hackage: html-parse-0.2.1.0@sha256:d2f56693c5f45a5df902583e42ac0180f692e30b0e8c3c58c853a96b318ae8d0,4317
snapshots:
- completed:
    sha256: 1b4c2669e26fa828451830ed4725e4d406acc25a1fa24fcc039465dd13d7a575
    size: 714100
    url: https://raw.githubusercontent.com/commercialhaskell/stackage-snapshots/master/lts/22/6.yaml
  original: lts-22.6
